// !$*UTF8*$!
{
	archiveVersion = 1;
	classes = {
	};
	objectVersion = 46;
	objects = {

/* Begin PBXBuildFile section */
		DF698F231D8BE9C900A80E45 /* Base32.swift in Sources */ = {isa = PBXBuildFile; fileRef = DF698F1B1D8BE9C900A80E45 /* Base32.swift */; };
		DF698F241D8BE9C900A80E45 /* Data+Int.swift in Sources */ = {isa = PBXBuildFile; fileRef = DF698F1E1D8BE9C900A80E45 /* Data+Int.swift */; };
		DF698F251D8BE9C900A80E45 /* HOTP.swift in Sources */ = {isa = PBXBuildFile; fileRef = DF698F1F1D8BE9C900A80E45 /* HOTP.swift */; };
		DF698F261D8BE9C900A80E45 /* HOTPGenerator.swift in Sources */ = {isa = PBXBuildFile; fileRef = DF698F201D8BE9C900A80E45 /* HOTPGenerator.swift */; };
		DF698F271D8BE9C900A80E45 /* TOTP.swift in Sources */ = {isa = PBXBuildFile; fileRef = DF698F211D8BE9C900A80E45 /* TOTP.swift */; };
		DF698F281D8BE9C900A80E45 /* TOTPGenerator.swift in Sources */ = {isa = PBXBuildFile; fileRef = DF698F221D8BE9C900A80E45 /* TOTPGenerator.swift */; };
		DF698F2F1D8BFEF000A80E45 /* CryptoKit.framework in Frameworks */ = {isa = PBXBuildFile; fileRef = DF698F2E1D8BFEF000A80E45 /* CryptoKit.framework */; };
		_LinkFileRef_OTPKit_via_OTPKitTests /* OTPKit.framework in Frameworks */ = {isa = PBXBuildFile; fileRef = "_____Product_OTPKit" /* OTPKit.framework */; };
		__src_cc_ref_Tests/OTPKitTests/OTPKitTests.swift /* OTPKitTests.swift in Sources */ = {isa = PBXBuildFile; fileRef = __PBXFileRef_Tests/OTPKitTests/OTPKitTests.swift /* OTPKitTests.swift */; };
/* End PBXBuildFile section */

/* Begin PBXContainerItemProxy section */
		DF698F191D8BE77800A80E45 /* PBXContainerItemProxy */ = {
			isa = PBXContainerItemProxy;
			containerPortal = __RootObject_ /* Project object */;
			proxyType = 1;
			remoteGlobalIDString = "______Target_OTPKit";
			remoteInfo = OTPKit;
		};
/* End PBXContainerItemProxy section */

/* Begin PBXFileReference section */
		DF698F1B1D8BE9C900A80E45 /* Base32.swift */ = {isa = PBXFileReference; fileEncoding = 4; lastKnownFileType = sourcecode.swift; path = Base32.swift; sourceTree = "<group>"; };
		DF698F1E1D8BE9C900A80E45 /* Data+Int.swift */ = {isa = PBXFileReference; fileEncoding = 4; lastKnownFileType = sourcecode.swift; path = "Data+Int.swift"; sourceTree = "<group>"; };
		DF698F1F1D8BE9C900A80E45 /* HOTP.swift */ = {isa = PBXFileReference; fileEncoding = 4; lastKnownFileType = sourcecode.swift; path = HOTP.swift; sourceTree = "<group>"; };
		DF698F201D8BE9C900A80E45 /* HOTPGenerator.swift */ = {isa = PBXFileReference; fileEncoding = 4; lastKnownFileType = sourcecode.swift; path = HOTPGenerator.swift; sourceTree = "<group>"; };
		DF698F211D8BE9C900A80E45 /* TOTP.swift */ = {isa = PBXFileReference; fileEncoding = 4; lastKnownFileType = sourcecode.swift; path = TOTP.swift; sourceTree = "<group>"; };
		DF698F221D8BE9C900A80E45 /* TOTPGenerator.swift */ = {isa = PBXFileReference; fileEncoding = 4; lastKnownFileType = sourcecode.swift; path = TOTPGenerator.swift; sourceTree = "<group>"; };
		DF698F2E1D8BFEF000A80E45 /* CryptoKit.framework */ = {isa = PBXFileReference; lastKnownFileType = wrapper.framework; name = CryptoKit.framework; path = "../../../../../Library/Developer/Xcode/DerivedData/OTPKit-aonwouvhrqaoopauiublzdqdtmvp/Build/Products/Debug/CryptoKit.framework"; sourceTree = "<group>"; };
		DF698F301D8C056000A80E45 /* OTPKit.playground */ = {isa = PBXFileReference; lastKnownFileType = file.playground; path = OTPKit.playground; sourceTree = "<group>"; };
		__PBXFileRef_OTPKit.xcodeproj/Configs/Project.xcconfig /* OTPKit.xcodeproj/Configs/Project.xcconfig */ = {isa = PBXFileReference; lastKnownFileType = text.xcconfig; path = OTPKit.xcodeproj/Configs/Project.xcconfig; sourceTree = "<group>"; };
		__PBXFileRef_Package.swift /* Package.swift */ = {isa = PBXFileReference; lastKnownFileType = sourcecode.swift; path = Package.swift; sourceTree = "<group>"; };
		__PBXFileRef_Tests/OTPKitTests/OTPKitTests.swift /* OTPKitTests.swift */ = {isa = PBXFileReference; lastKnownFileType = sourcecode.swift; path = OTPKitTests.swift; sourceTree = "<group>"; };
		"_____Product_OTPKit" /* OTPKit.framework */ = {isa = PBXFileReference; explicitFileType = wrapper.framework; path = OTPKit.framework; sourceTree = BUILT_PRODUCTS_DIR; };
		"_____Product_OTPKitTests" /* OTPKitTests.xctest */ = {isa = PBXFileReference; explicitFileType = wrapper.cfbundle; path = OTPKitTests.xctest; sourceTree = BUILT_PRODUCTS_DIR; };
/* End PBXFileReference section */

/* Begin PBXFrameworksBuildPhase section */
		"___LinkPhase_OTPKit" /* Frameworks */ = {
			isa = PBXFrameworksBuildPhase;
			buildActionMask = 0;
			files = (
				DF698F2F1D8BFEF000A80E45 /* CryptoKit.framework in Frameworks */,
			);
			runOnlyForDeploymentPostprocessing = 0;
		};
		"___LinkPhase_OTPKitTests" /* Frameworks */ = {
			isa = PBXFrameworksBuildPhase;
			buildActionMask = 0;
			files = (
				_LinkFileRef_OTPKit_via_OTPKitTests /* OTPKit.framework in Frameworks */,
			);
			runOnlyForDeploymentPostprocessing = 0;
		};
/* End PBXFrameworksBuildPhase section */

/* Begin PBXGroup section */
		DF698F1A1D8BE9C900A80E45 /* Base Encoding */ = {
			isa = PBXGroup;
			children = (
				DF698F1B1D8BE9C900A80E45 /* Base32.swift */,
			);
			path = "Base Encoding";
			sourceTree = "<group>";
		};
		DF698F1D1D8BE9C900A80E45 /* Data Extensions */ = {
			isa = PBXGroup;
			children = (
				DF698F1E1D8BE9C900A80E45 /* Data+Int.swift */,
			);
			path = "Data Extensions";
			sourceTree = "<group>";
		};
		DF698F2D1D8BFEEF00A80E45 /* Frameworks */ = {
			isa = PBXGroup;
			children = (
				DF698F2E1D8BFEF000A80E45 /* CryptoKit.framework */,
			);
			name = Frameworks;
			sourceTree = "<group>";
		};
		TestProducts_ /* Tests */ = {
			isa = PBXGroup;
			children = (
				"_____Product_OTPKitTests" /* OTPKitTests.xctest */,
			);
			name = Tests;
			sourceTree = "<group>";
		};
		"___RootGroup_" = {
			isa = PBXGroup;
			children = (
				DF698F301D8C056000A80E45 /* OTPKit.playground */,
				__PBXFileRef_Package.swift /* Package.swift */,
				"_____Configs_" /* Configs */,
				"_____Sources_" /* Sources */,
				"_______Tests_" /* Tests */,
				"____Products_" /* Products */,
				DF698F2D1D8BFEEF00A80E45 /* Frameworks */,
			);
			sourceTree = "<group>";
		};
		"____Products_" /* Products */ = {
			isa = PBXGroup;
			children = (
				TestProducts_ /* Tests */,
				"_____Product_OTPKit" /* OTPKit.framework */,
			);
			name = Products;
			sourceTree = "<group>";
		};
		"_____Configs_" /* Configs */ = {
			isa = PBXGroup;
			children = (
				__PBXFileRef_OTPKit.xcodeproj/Configs/Project.xcconfig /* OTPKit.xcodeproj/Configs/Project.xcconfig */,
			);
			name = Configs;
			sourceTree = "<group>";
		};
		"_____Sources_" /* Sources */ = {
			isa = PBXGroup;
			children = (
				"_______Group_OTPKit" /* OTPKit */,
			);
			name = Sources;
			sourceTree = "<group>";
		};
		"_______Group_OTPKit" /* OTPKit */ = {
			isa = PBXGroup;
			children = (
				DF698F1A1D8BE9C900A80E45 /* Base Encoding */,
				DF698F1D1D8BE9C900A80E45 /* Data Extensions */,
				DF698F1F1D8BE9C900A80E45 /* HOTP.swift */,
				DF698F201D8BE9C900A80E45 /* HOTPGenerator.swift */,
				DF698F211D8BE9C900A80E45 /* TOTP.swift */,
				DF698F221D8BE9C900A80E45 /* TOTPGenerator.swift */,
			);
			name = OTPKit;
			path = Sources/OTPKit;
			sourceTree = "<group>";
		};
		"_______Group_OTPKitTests" /* OTPKitTests */ = {
			isa = PBXGroup;
			children = (
				__PBXFileRef_Tests/OTPKitTests/OTPKitTests.swift /* OTPKitTests.swift */,
			);
			name = OTPKitTests;
			path = Tests/OTPKitTests;
			sourceTree = "<group>";
		};
		"_______Tests_" /* Tests */ = {
			isa = PBXGroup;
			children = (
				"_______Group_OTPKitTests" /* OTPKitTests */,
			);
			name = Tests;
			sourceTree = "<group>";
		};
/* End PBXGroup section */

/* Begin PBXNativeTarget section */
		"______Target_OTPKit" /* OTPKit */ = {
			isa = PBXNativeTarget;
			buildConfigurationList = "_______Confs_OTPKit" /* Build configuration list for PBXNativeTarget "OTPKit" */;
			buildPhases = (
				CompilePhase_OTPKit /* Sources */,
				"___LinkPhase_OTPKit" /* Frameworks */,
			);
			buildRules = (
			);
			dependencies = (
			);
			name = OTPKit;
			productName = OTPKit;
			productReference = "_____Product_OTPKit" /* OTPKit.framework */;
			productType = "com.apple.product-type.framework";
		};
		"______Target_OTPKitTests" /* OTPKitTests */ = {
			isa = PBXNativeTarget;
			buildConfigurationList = "_______Confs_OTPKitTests" /* Build configuration list for PBXNativeTarget "OTPKitTests" */;
			buildPhases = (
				CompilePhase_OTPKitTests /* Sources */,
				"___LinkPhase_OTPKitTests" /* Frameworks */,
			);
			buildRules = (
			);
			dependencies = (
				__Dependency_OTPKit /* PBXTargetDependency */,
			);
			name = OTPKitTests;
			productName = OTPKitTests;
			productReference = "_____Product_OTPKitTests" /* OTPKitTests.xctest */;
			productType = "com.apple.product-type.bundle.unit-test";
		};
/* End PBXNativeTarget section */

/* Begin PBXProject section */
		__RootObject_ /* Project object */ = {
			isa = PBXProject;
			attributes = {
				LastUpgradeCheck = 9999;
			};
			buildConfigurationList = "___RootConfs_" /* Build configuration list for PBXProject "OTPKit" */;
			compatibilityVersion = "Xcode 3.2";
			developmentRegion = English;
			hasScannedForEncodings = 0;
			knownRegions = (
				en,
			);
			mainGroup = "___RootGroup_";
			productRefGroup = "____Products_" /* Products */;
			projectDirPath = "";
			projectRoot = "";
			targets = (
				"______Target_OTPKit" /* OTPKit */,
				"______Target_OTPKitTests" /* OTPKitTests */,
			);
		};
/* End PBXProject section */

/* Begin PBXSourcesBuildPhase section */
		CompilePhase_OTPKit /* Sources */ = {
			isa = PBXSourcesBuildPhase;
			buildActionMask = 0;
			files = (
				DF698F251D8BE9C900A80E45 /* HOTP.swift in Sources */,
				DF698F261D8BE9C900A80E45 /* HOTPGenerator.swift in Sources */,
				DF698F231D8BE9C900A80E45 /* Base32.swift in Sources */,
				DF698F281D8BE9C900A80E45 /* TOTPGenerator.swift in Sources */,
				DF698F271D8BE9C900A80E45 /* TOTP.swift in Sources */,
				DF698F241D8BE9C900A80E45 /* Data+Int.swift in Sources */,
			);
			runOnlyForDeploymentPostprocessing = 0;
		};
		CompilePhase_OTPKitTests /* Sources */ = {
			isa = PBXSourcesBuildPhase;
			buildActionMask = 0;
			files = (
				__src_cc_ref_Tests/OTPKitTests/OTPKitTests.swift /* OTPKitTests.swift in Sources */,
			);
			runOnlyForDeploymentPostprocessing = 0;
		};
/* End PBXSourcesBuildPhase section */

/* Begin PBXTargetDependency section */
		__Dependency_OTPKit /* PBXTargetDependency */ = {
			isa = PBXTargetDependency;
			target = "______Target_OTPKit" /* OTPKit */;
			targetProxy = DF698F191D8BE77800A80E45 /* PBXContainerItemProxy */;
		};
/* End PBXTargetDependency section */

/* Begin XCBuildConfiguration section */
		_ReleaseConf_OTPKit /* Release */ = {
			isa = XCBuildConfiguration;
			buildSettings = {
				APPLICATION_EXTENSION_API_ONLY = YES;
				ENABLE_TESTABILITY = YES;
				FRAMEWORK_SEARCH_PATHS = "$(PLATFORM_DIR)/Developer/Library/Frameworks";
				INFOPLIST_FILE = OTPKit.xcodeproj/OTPKit_Info.plist;
				LD_RUNPATH_SEARCH_PATHS = "$(TOOLCHAIN_DIR)/usr/lib/swift/macosx";
				OTHER_LDFLAGS = "$(inherited)";
				OTHER_SWIFT_FLAGS = "$(inherited)";
				PRODUCT_BUNDLE_IDENTIFIER = OTPKit;
				PRODUCT_MODULE_NAME = "$(TARGET_NAME:c99extidentifier)";
				PRODUCT_NAME = "$(TARGET_NAME:c99extidentifier)";
				SWIFT_VERSION = 3.0;
			};
			name = Release;
		};
		_ReleaseConf_OTPKitTests /* Release */ = {
			isa = XCBuildConfiguration;
			buildSettings = {
				EMBEDDED_CONTENT_CONTAINS_SWIFT = YES;
				FRAMEWORK_SEARCH_PATHS = "$(PLATFORM_DIR)/Developer/Library/Frameworks";
				INFOPLIST_FILE = OTPKit.xcodeproj/OTPKitTests_Info.plist;
				LD_RUNPATH_SEARCH_PATHS = "@loader_path/../Frameworks @loader_path/Frameworks @executable_path/../Frameworks @executable_path/Frameworks";
				OTHER_LDFLAGS = "$(inherited)";
				OTHER_SWIFT_FLAGS = "$(inherited)";
				SWIFT_VERSION = 3.0;
			};
			name = Release;
		};
		"___DebugConf_OTPKit" /* Debug */ = {
			isa = XCBuildConfiguration;
			buildSettings = {
				APPLICATION_EXTENSION_API_ONLY = YES;
				ENABLE_TESTABILITY = YES;
				FRAMEWORK_SEARCH_PATHS = "$(PLATFORM_DIR)/Developer/Library/Frameworks";
				INFOPLIST_FILE = OTPKit.xcodeproj/OTPKit_Info.plist;
				LD_RUNPATH_SEARCH_PATHS = "$(TOOLCHAIN_DIR)/usr/lib/swift/macosx";
				OTHER_LDFLAGS = "$(inherited)";
				OTHER_SWIFT_FLAGS = "$(inherited)";
				PRODUCT_BUNDLE_IDENTIFIER = OTPKit;
				PRODUCT_MODULE_NAME = "$(TARGET_NAME:c99extidentifier)";
				PRODUCT_NAME = "$(TARGET_NAME:c99extidentifier)";
				SWIFT_OPTIMIZATION_LEVEL = "-Onone";
				SWIFT_VERSION = 3.0;
			};
			name = Debug;
		};
		"___DebugConf_OTPKitTests" /* Debug */ = {
			isa = XCBuildConfiguration;
			buildSettings = {
				EMBEDDED_CONTENT_CONTAINS_SWIFT = YES;
				FRAMEWORK_SEARCH_PATHS = "$(PLATFORM_DIR)/Developer/Library/Frameworks";
				INFOPLIST_FILE = OTPKit.xcodeproj/OTPKitTests_Info.plist;
				LD_RUNPATH_SEARCH_PATHS = "@loader_path/../Frameworks @loader_path/Frameworks @executable_path/../Frameworks @executable_path/Frameworks";
				OTHER_LDFLAGS = "$(inherited)";
				OTHER_SWIFT_FLAGS = "$(inherited)";
				SWIFT_OPTIMIZATION_LEVEL = "-Onone";
				SWIFT_VERSION = 3.0;
			};
			name = Debug;
		};
		"_____Release_" /* Release */ = {
			isa = XCBuildConfiguration;
			baseConfigurationReference = __PBXFileRef_OTPKit.xcodeproj/Configs/Project.xcconfig /* OTPKit.xcodeproj/Configs/Project.xcconfig */;
			buildSettings = {
			};
			name = Release;
		};
		"_______Debug_" /* Debug */ = {
			isa = XCBuildConfiguration;
			baseConfigurationReference = __PBXFileRef_OTPKit.xcodeproj/Configs/Project.xcconfig /* OTPKit.xcodeproj/Configs/Project.xcconfig */;
			buildSettings = {
			};
			name = Debug;
		};
/* End XCBuildConfiguration section */

/* Begin XCConfigurationList section */
		"___RootConfs_" /* Build configuration list for PBXProject "OTPKit" */ = {
			isa = XCConfigurationList;
			buildConfigurations = (
				"_______Debug_" /* Debug */,
				"_____Release_" /* Release */,
			);
			defaultConfigurationIsVisible = 0;
			defaultConfigurationName = Debug;
		};
		"_______Confs_OTPKit" /* Build configuration list for PBXNativeTarget "OTPKit" */ = {
			isa = XCConfigurationList;
			buildConfigurations = (
				"___DebugConf_OTPKit" /* Debug */,
				_ReleaseConf_OTPKit /* Release */,
			);
			defaultConfigurationIsVisible = 0;
			defaultConfigurationName = Debug;
		};
		"_______Confs_OTPKitTests" /* Build configuration list for PBXNativeTarget "OTPKitTests" */ = {
			isa = XCConfigurationList;
			buildConfigurations = (
				"___DebugConf_OTPKitTests" /* Debug */,
				_ReleaseConf_OTPKitTests /* Release */,
			);
			defaultConfigurationIsVisible = 0;
			defaultConfigurationName = Debug;
		};
/* End XCConfigurationList section */
	};
	rootObject = __RootObject_ /* Project object */;
}
